
Microsoft Visual Studio Solution File, Format Version 12.00
# Visual Studio Version 17
VisualStudioVersion = 17.2.32616.157
MinimumVisualStudioVersion = 10.0.40219.1
Project("{FAE04EC0-301F-11D3-BF4B-00C04F79EFBC}") = "LargeFilesSample", "src\FileSamples\LargeFilesSample\LargeFilesSample.csproj", "{83182CB3-2218-4BE3-B339-2759DC1A2536}"
EndProject
Global
	GlobalSection(SolutionConfigurationPlatforms) = preSolution
		Debug|Any CPU = Debug|Any CPU
		Release|Any CPU = Release|Any CPU
	EndGlobalSection
	GlobalSection(ProjectConfigurationPlatforms) = postSolution
		{83182CB3-2218-4BE3-B339-2759DC1A2536}.Debug|Any CPU.ActiveCfg = Debug|Any CPU
		{83182CB3-2218-4BE3-B339-2759DC1A2536}.Debug|Any CPU.Build.0 = Debug|Any CPU
		{83182CB3-2218-4BE3-B339-2759DC1A2536}.Release|Any CPU.ActiveCfg = Release|Any CPU
		{83182CB3-2218-4BE3-B339-2759DC1A2536}.Release|Any CPU.Build.0 = Release|Any CPU
	EndGlobalSection
	GlobalSection(SolutionProperties) = preSolution
		HideSolutionNode = FALSE
	EndGlobalSection
	GlobalSection(ExtensibilityGlobals) = postSolution
		SolutionGuid = {2DD7EF36-6CD1-4B89-A7FE-4F3A69793B87}
	EndGlobalSection
EndGlobal
