
Microsoft Visual Studio Solution File, Format Version 12.00
# Visual Studio Version 17
VisualStudioVersion = 17.2.32616.157
MinimumVisualStudioVersion = 10.0.40219.1
Project("{9A19103F-16F7-4668-BE54-9A1E7A4F7556}") = "LargeFilesSample", "src\FileSamples\LargeFilesSample\LargeFilesSample.csproj", "{83182CB3-2218-4BE3-B339-2759DC1A2536}"
EndProject
Project("{FAE04EC0-301F-11D3-BF4B-00C04F79EFBC}") = "ApiVersionSamples", "src\WebApiSamples\ApiVersionSamples\ApiVersionSamples.csproj", "{5FB134E7-14F9-46EF-9347-58C0912053B0}"
EndProject
Project("{FAE04EC0-301F-11D3-BF4B-00C04F79EFBC}") = "ApiGroupSamples", "src\WebApiSamples\ApiGroupSamples\ApiGroupSamples.csproj", "{580FB0A7-D769-47F5-BE41-E5642F45E27A}"
EndProject
Project("{FAE04EC0-301F-11D3-BF4B-00C04F79EFBC}") = "HeaderVersionSamples", "src\WebApiSamples\HeaderVersionSamples\HeaderVersionSamples.csproj", "{83D6739E-DBC5-495A-A874-A04993D9E125}"
EndProject
Project("{2150E333-8FDC-42A3-9474-1A3956D46DE8}") = "ApiVersion", "ApiVersion", "{29879B12-D027-46BE-A8BE-10D49EF2F216}"
EndProject
Global
	GlobalSection(SolutionConfigurationPlatforms) = preSolution
		Debug|Any CPU = Debug|Any CPU
		Release|Any CPU = Release|Any CPU
	EndGlobalSection
	GlobalSection(ProjectConfigurationPlatforms) = postSolution
		{83182CB3-2218-4BE3-B339-2759DC1A2536}.Debug|Any CPU.ActiveCfg = Debug|Any CPU
		{83182CB3-2218-4BE3-B339-2759DC1A2536}.Debug|Any CPU.Build.0 = Debug|Any CPU
		{83182CB3-2218-4BE3-B339-2759DC1A2536}.Release|Any CPU.ActiveCfg = Release|Any CPU
		{83182CB3-2218-4BE3-B339-2759DC1A2536}.Release|Any CPU.Build.0 = Release|Any CPU
		{5FB134E7-14F9-46EF-9347-58C0912053B0}.Debug|Any CPU.ActiveCfg = Debug|Any CPU
		{5FB134E7-14F9-46EF-9347-58C0912053B0}.Debug|Any CPU.Build.0 = Debug|Any CPU
		{5FB134E7-14F9-46EF-9347-58C0912053B0}.Release|Any CPU.ActiveCfg = Release|Any CPU
		{5FB134E7-14F9-46EF-9347-58C0912053B0}.Release|Any CPU.Build.0 = Release|Any CPU
		{580FB0A7-D769-47F5-BE41-E5642F45E27A}.Debug|Any CPU.ActiveCfg = Debug|Any CPU
		{580FB0A7-D769-47F5-BE41-E5642F45E27A}.Debug|Any CPU.Build.0 = Debug|Any CPU
		{580FB0A7-D769-47F5-BE41-E5642F45E27A}.Release|Any CPU.ActiveCfg = Release|Any CPU
		{580FB0A7-D769-47F5-BE41-E5642F45E27A}.Release|Any CPU.Build.0 = Release|Any CPU
		{83D6739E-DBC5-495A-A874-A04993D9E125}.Debug|Any CPU.ActiveCfg = Debug|Any CPU
		{83D6739E-DBC5-495A-A874-A04993D9E125}.Debug|Any CPU.Build.0 = Debug|Any CPU
		{83D6739E-DBC5-495A-A874-A04993D9E125}.Release|Any CPU.ActiveCfg = Release|Any CPU
		{83D6739E-DBC5-495A-A874-A04993D9E125}.Release|Any CPU.Build.0 = Release|Any CPU
	EndGlobalSection
	GlobalSection(SolutionProperties) = preSolution
		HideSolutionNode = FALSE
	EndGlobalSection
	GlobalSection(NestedProjects) = preSolution
		{5FB134E7-14F9-46EF-9347-58C0912053B0} = {29879B12-D027-46BE-A8BE-10D49EF2F216}
		{580FB0A7-D769-47F5-BE41-E5642F45E27A} = {29879B12-D027-46BE-A8BE-10D49EF2F216}
		{83D6739E-DBC5-495A-A874-A04993D9E125} = {29879B12-D027-46BE-A8BE-10D49EF2F216}
	EndGlobalSection
	GlobalSection(ExtensibilityGlobals) = postSolution
		SolutionGuid = {2DD7EF36-6CD1-4B89-A7FE-4F3A69793B87}
	EndGlobalSection
EndGlobal
